<?xml version="1.0" encoding="utf-8"?>
<Project ToolsVersion="4.0" xmlns="http://schemas.microsoft.com/developer/msbuild/2003">
  <ItemGroup>
    <FxCompile Include="..\..\Shader\SHADER_BLUR.hlsl">
      <Filter>src\99. ShaderFiles</Filter>
    </FxCompile>
    <FxCompile Include="..\..\Shader\SHADER_CELL.hlsl">
      <Filter>src\99. ShaderFiles</Filter>
    </FxCompile>
    <FxCompile Include="..\..\Shader\SHADER_DEFERRED.hlsl">
      <Filter>src\99. ShaderFiles</Filter>
    </FxCompile>
    <FxCompile Include="..\..\Shader\SHADER_EXTRACTION.hlsl">
      <Filter>src\99. ShaderFiles</Filter>
    </FxCompile>
    <FxCompile Include="..\..\Shader\SHADER_GROUD.hlsl">
      <Filter>src\99. ShaderFiles</Filter>
    </FxCompile>
    <FxCompile Include="..\..\Shader\SHADER_LUT.hlsl">
      <Filter>src\99. ShaderFiles</Filter>
    </FxCompile>
    <FxCompile Include="..\..\Shader\SHADER_PHONG.hlsl">
      <Filter>src\99. ShaderFiles</Filter>
    </FxCompile>
    <FxCompile Include="..\..\Shader\Shader_SkillModel.hlsl">
      <Filter>src\99. ShaderFiles</Filter>
    </FxCompile>
    <FxCompile Include="..\..\Shader\SHADER_SSAO.hlsl">
      <Filter>src\99. ShaderFiles</Filter>
    </FxCompile>
    <FxCompile Include="..\..\Shader\SHADER_VTXCUBE.hlsl">
      <Filter>src\99. ShaderFiles</Filter>
    </FxCompile>
    <FxCompile Include="..\..\Shader\SHADER_VTXMODEL.hlsl">
      <Filter>src\99. ShaderFiles</Filter>
    </FxCompile>
    <FxCompile Include="..\..\Shader\SHADER_VTXMODEL_INSTANCE.hlsl">
      <Filter>src\99. ShaderFiles</Filter>
    </FxCompile>
    <FxCompile Include="..\..\Shader\SHADER_VTXMODELANIM.hlsl">
      <Filter>src\99. ShaderFiles</Filter>
    </FxCompile>
    <FxCompile Include="..\..\Shader\SHADER_VTXNORTEX.hlsl">
      <Filter>src\99. ShaderFiles</Filter>
    </FxCompile>
    <FxCompile Include="..\..\Shader\Shader_VtxPointInstance.hlsl">
      <Filter>src\99. ShaderFiles</Filter>
    </FxCompile>
    <FxCompile Include="..\..\Shader\SHADER_VTXTEX.hlsl">
      <Filter>src\99. ShaderFiles</Filter>
    </FxCompile>
    <FxCompile Include="..\..\Shader\SHADER_RGB_SPLIT.hlsl">
      <Filter>src\99. ShaderFiles</Filter>
    </FxCompile>
    <FxCompile Include="..\..\Shader\SHADER_UI_SUB.hlsl">
      <Filter>src\99. ShaderFiles</Filter>
    </FxCompile>
    <FxCompile Include="..\..\Shader\SHADER_VTXSKILLTEX.hlsl">
      <Filter>src\99. ShaderFiles</Filter>
    </FxCompile>
    <FxCompile Include="..\..\Shader\SHADER_POSTEFFECT.hlsl">
      <Filter>src\99. ShaderFiles</Filter>
    </FxCompile>
    <FxCompile Include="..\..\Shader\SHADER_UI.hlsl">
      <Filter>src\99. ShaderFiles</Filter>
    </FxCompile>
  </ItemGroup>
  <ItemGroup>
    <ClCompile Include="..\ImGui\imgui.cpp">
      <Filter>config\ImGui</Filter>
    </ClCompile>
    <ClCompile Include="..\ImGui\imgui_demo.cpp">
      <Filter>config\ImGui</Filter>
    </ClCompile>
    <ClCompile Include="..\ImGui\imgui_draw.cpp">
      <Filter>config\ImGui</Filter>
    </ClCompile>
    <ClCompile Include="..\ImGui\imgui_impl_dx11.cpp">
      <Filter>config\ImGui</Filter>
    </ClCompile>
    <ClCompile Include="..\ImGui\imgui_impl_win32.cpp">
      <Filter>config\ImGui</Filter>
    </ClCompile>
    <ClCompile Include="..\ImGui\imgui_tables.cpp">
      <Filter>config\ImGui</Filter>
    </ClCompile>
    <ClCompile Include="..\ImGui\imgui_widgets.cpp">
      <Filter>config\ImGui</Filter>
    </ClCompile>
    <ClCompile Include="Client.cpp">
      <Filter>config</Filter>
    </ClCompile>
    <ClCompile Include="stdafx.cpp">
      <Filter>config\pch</Filter>
    </ClCompile>
    <ClCompile Include="..\Private\GUIManager.cpp">
      <Filter>config\ImGui\Manager</Filter>
    </ClCompile>
    <ClCompile Include="..\private\GameMode.cpp">
      <Filter>src\00. Application\Manager</Filter>
    </ClCompile>
    <ClCompile Include="..\private\AppManager.cpp">
      <Filter>src\00. Application\Manager</Filter>
    </ClCompile>
    <ClCompile Include="..\private\Application.cpp">
      <Filter>src\00. Application</Filter>
    </ClCompile>
    <ClCompile Include="..\private\Loader.cpp">
      <Filter>src\01. Level\00. Loading\Loader</Filter>
    </ClCompile>
    <ClCompile Include="..\private\Level_Loading.cpp">
      <Filter>src\01. Level\00. Loading</Filter>
    </ClCompile>
    <ClCompile Include="..\Private\Level_Logo.cpp">
      <Filter>src\01. Level\01. Logo</Filter>
    </ClCompile>
    <ClCompile Include="..\Private\Level_GamePlay.cpp">
      <Filter>src\01. Level\02. GamePlay</Filter>
    </ClCompile>
    <ClCompile Include="..\private\Level_AnimTool.cpp">
      <Filter>src\01. Level\99. AnimTool</Filter>
    </ClCompile>
    <ClCompile Include="Floor.cpp">
      <Filter>src\02. GameObject\00. Environment</Filter>
    </ClCompile>
    <ClCompile Include="..\private\Terrain.cpp">
      <Filter>src\02. GameObject\00. Environment</Filter>
    </ClCompile>
    <ClCompile Include="..\private\DynamicCamera.cpp">
      <Filter>src\02. GameObject\01. Camera</Filter>
    </ClCompile>
    <ClCompile Include="..\private\BackGround.cpp">
      <Filter>src\02. GameObject\99. UI\02. LoadingImage</Filter>
    </ClCompile>
    <ClCompile Include="..\private\AnimToolManager.cpp">
      <Filter>src\00. Application\Manager</Filter>
    </ClCompile>
    <ClCompile Include="..\private\SoundKey.cpp">
      <Filter>src\05.AnimStateKeys</Filter>
    </ClCompile>
    <ClCompile Include="..\private\StateKey.cpp">
      <Filter>src\05.AnimStateKeys</Filter>
    </ClCompile>
    <ClCompile Include="..\private\MissileKey.cpp">
      <Filter>src\05.AnimStateKeys</Filter>
    </ClCompile>
    <ClCompile Include="..\private\EffectKey.cpp">
      <Filter>src\05.AnimStateKeys</Filter>
    </ClCompile>
    <ClCompile Include="..\private\DissolveKey.cpp">
      <Filter>src\05.AnimStateKeys</Filter>
    </ClCompile>
    <ClCompile Include="..\Private\Effect_Player.cpp">
      <Filter>src\06. Effect</Filter>
    </ClCompile>
    <ClCompile Include="..\Private\PartsKey.cpp">
      <Filter>src\05.AnimStateKeys</Filter>
    </ClCompile>
    <ClCompile Include="..\Private\TestVTF.cpp">
      <Filter>src\NEW_FILES</Filter>
    </ClCompile>
    <ClCompile Include="..\Private\Mesh_Effect_P.cpp">
      <Filter>src\06. Effect</Filter>
    </ClCompile>
    <ClCompile Include="..\Private\Particle_Effect_P.cpp">
      <Filter>src\06. Effect</Filter>
    </ClCompile>
    <ClCompile Include="..\Private\Rect_Effect_P.cpp">
      <Filter>src\06. Effect</Filter>
    </ClCompile>
    <ClCompile Include="..\private\Intro.cpp">
      <Filter>src\02. GameObject\99. UI\01. Intro</Filter>
    </ClCompile>
    <ClCompile Include="..\private\IntroCamera.cpp">
      <Filter>src\02. GameObject\01. Camera</Filter>
    </ClCompile>
    <ClCompile Include="..\Private\PlayerCamera.cpp">
      <Filter>src\02. GameObject\01. Camera</Filter>
    </ClCompile>
    <ClCompile Include="..\Private\CameraCurve.cpp">
      <Filter>src\02. GameObject\01. Camera\Curve</Filter>
    </ClCompile>
    <ClCompile Include="..\Private\Sky.cpp">
      <Filter>src\02. GameObject\00. Environment</Filter>
    </ClCompile>
    <ClCompile Include="..\private\Lobby_Character.cpp">
      <Filter>src\02. GameObject\03. Character\00. Base</Filter>
    </ClCompile>
    <ClCompile Include="..\private\Character.cpp">
      <Filter>src\02. GameObject\03. Character\00. Base</Filter>
    </ClCompile>
    <ClCompile Include="..\private\FloatingStone.cpp">
      <Filter>src\02. GameObject\00. Environment</Filter>
    </ClCompile>
    <ClCompile Include="..\private\CharacterSelect_Terrain.cpp">
      <Filter>src\02. GameObject\00. Environment</Filter>
    </ClCompile>
    <ClCompile Include="..\private\OBBKey.cpp">
      <Filter>src\05.AnimStateKeys</Filter>
    </ClCompile>
    <ClCompile Include="..\private\PriorityKey.cpp">
      <Filter>src\05.AnimStateKeys</Filter>
    </ClCompile>
    <ClCompile Include="..\Private\Lobby_Rock.cpp">
      <Filter>src\02. GameObject\00. Environment</Filter>
    </ClCompile>
    <ClCompile Include="..\Private\UI_MainScreen.cpp">
      <Filter>src\02. GameObject\99. UI\02. IngameUI</Filter>
    </ClCompile>
    <ClCompile Include="..\Private\UI_Minimap.cpp">
      <Filter>src\02. GameObject\99. UI\02. IngameUI</Filter>
    </ClCompile>
    <ClCompile Include="..\Private\UI_Monster.cpp">
      <Filter>src\02. GameObject\99. UI\02. IngameUI</Filter>
    </ClCompile>
    <ClCompile Include="..\Private\UI_Mouse.cpp">
      <Filter>src\02. GameObject\99. UI\02. IngameUI</Filter>
    </ClCompile>
    <ClCompile Include="..\Private\UI_TapT.cpp">
      <Filter>src\02. GameObject\99. UI\02. IngameUI</Filter>
    </ClCompile>
    <ClCompile Include="..\private\AcquireSystem.cpp">
      <Filter>src\02. GameObject\99. UI\03. AcquireSystem</Filter>
    </ClCompile>
    <ClCompile Include="..\private\InteractionUI.cpp">
      <Filter>src\02. GameObject\99. UI\03. AcquireSystem</Filter>
    </ClCompile>
    <ClCompile Include="..\private\InteractionObject.cpp">
      <Filter>src\02. GameObject\04. InteractionObject</Filter>
    </ClCompile>
    <ClCompile Include="..\private\Chest.cpp">
      <Filter>src\02. GameObject\04. InteractionObject</Filter>
    </ClCompile>
    <ClCompile Include="..\Private\MapObject.cpp">
      <Filter>src\04. MapObject\00. Object</Filter>
    </ClCompile>
    <ClCompile Include="..\private\Item.cpp">
      <Filter>src\00. Application\Items</Filter>
    </ClCompile>
    <ClCompile Include="..\private\ItemDB.cpp">
      <Filter>src\00. Application\Items</Filter>
    </ClCompile>
    <ClCompile Include="..\private\AcquireUI.cpp">
      <Filter>src\02. GameObject\99. UI\03. AcquireSystem</Filter>
    </ClCompile>
    <ClCompile Include="..\private\P_PlayerGirl.cpp">
      <Filter>src\02. GameObject\03. Character\00. Player</Filter>
    </ClCompile>
    <ClCompile Include="..\private\Parts.cpp">
      <Filter>src\02. GameObject\03. Character\00. Player</Filter>
    </ClCompile>
    <ClCompile Include="..\private\M_GAzizi.cpp">
      <Filter>src\02. GameObject\03. Character\01. Enemy</Filter>
    </ClCompile>
    <ClCompile Include="..\private\Sandbag.cpp">
      <Filter>src\02. GameObject\03. Character\01. Enemy</Filter>
    </ClCompile>
    <ClCompile Include="..\private\TestGeneric.cpp">
      <Filter>src\02. GameObject\03. Character\00. Base</Filter>
    </ClCompile>
    <ClCompile Include="..\private\Inventory.cpp">
      <Filter>src\02. GameObject\99. UI\03. AcquireSystem</Filter>
    </ClCompile>
    <ClCompile Include="..\Private\Particle_Effect.cpp">
      <Filter>src\06. Effect</Filter>
    </ClCompile>
    <ClCompile Include="..\Private\Rect_Effect.cpp">
      <Filter>src\06. Effect</Filter>
    </ClCompile>
    <ClCompile Include="..\Private\Mesh_Effect.cpp">
      <Filter>src\06. Effect</Filter>
    </ClCompile>
    <ClCompile Include="..\Private\Missile.cpp">
      <Filter>src\02. GameObject\03. Character\00. Base\Missile</Filter>
    </ClCompile>
    <ClCompile Include="..\Private\Missile_Constant.cpp">
      <Filter>src\02. GameObject\03. Character\00. Base\Missile</Filter>
    </ClCompile>
    <ClCompile Include="..\Private\Missile_RotAround.cpp">
      <Filter>src\02. GameObject\03. Character\00. Base\Missile</Filter>
    </ClCompile>
    <ClCompile Include="..\Private\MissilePool.cpp">
      <Filter>src\02. GameObject\03. Character\00. Base\Missile</Filter>
    </ClCompile>
    <ClCompile Include="..\private\CameraMovement.cpp">
      <Filter>src\02. GameObject\01. Camera</Filter>
    </ClCompile>
    <ClCompile Include="..\private\ActionCam.cpp">
      <Filter>src\02. GameObject\01. Camera\ActionCam</Filter>
    </ClCompile>
    <ClCompile Include="..\Private\Missile_Constant.cpp">
      <Filter>src\02. GameObject\03. Character\00. Base\Missile</Filter>
    </ClCompile>
    <ClCompile Include="..\Private\Missile_RotAround.cpp">
      <Filter>src\02. GameObject\03. Character\00. Base\Missile</Filter>
    </ClCompile>
    <ClCompile Include="..\Private\MissilePool.cpp">
      <Filter>src\02. GameObject\03. Character\00. Base\Missile</Filter>
    </ClCompile>
    <ClCompile Include="..\Private\Missile.cpp">
      <Filter>src\02. GameObject\03. Character\00. Base\Missile</Filter>
    </ClCompile>
    <ClCompile Include="..\Private\Rect_Effect.cpp">
      <Filter>src\06. Effect\Tool</Filter>
    </ClCompile>
    <ClCompile Include="..\Private\Particle_Effect.cpp">
      <Filter>src\06. Effect\Tool</Filter>
    </ClCompile>
    <ClCompile Include="..\Private\Mesh_Effect.cpp">
      <Filter>src\06. Effect\Tool</Filter>
    </ClCompile>
    <ClCompile Include="..\Private\Efffect_Tool.cpp">
      <Filter>src\06. Effect\Tool</Filter>
    </ClCompile>
    <ClCompile Include="..\private\M_Anjin.cpp">
      <Filter>src\02. GameObject\03. Character\01. Enemy</Filter>
    </ClCompile>
    <ClCompile Include="..\private\M_AWukaka.cpp">
      <Filter>src\02. GameObject\03. Character\01. Enemy</Filter>
    </ClCompile>
    <ClCompile Include="..\Private\UI_Tip.cpp">
      <Filter>src\02. GameObject\99. UI\02. IngameUI</Filter>
    </ClCompile>
    <ClCompile Include="..\private\PlayerState.cpp">
      <Filter>src\02. GameObject\00. StaticClasses</Filter>
    </ClCompile>
    <ClCompile Include="..\private\Level_Test.cpp">
      <Filter>src\01. Level\99. AnimTool</Filter>
    </ClCompile>
    <ClCompile Include="..\private\SlowKey.cpp">
      <Filter>src\05.AnimStateKeys</Filter>
    </ClCompile>
    <ClCompile Include="..\private\TerminalUI.cpp">
      <Filter>src\02. GameObject\99. UI\04. Terminal</Filter>
    </ClCompile>
    <ClCompile Include="..\private\ResonatorUI.cpp">
      <Filter>src\02. GameObject\99. UI\04. Terminal</Filter>
    </ClCompile>
    <ClCompile Include="..\Private\TestChar.cpp">
      <Filter>src\NEW_FILES</Filter>
    </ClCompile>
    <ClCompile Include="..\private\M_Crownless_P1.cpp">
      <Filter>src\02. GameObject\03. Character\01. Enemy</Filter>
    </ClCompile>
    <ClCompile Include="..\Private\M_Crownless_P2.cpp">
      <Filter>src\02. GameObject\03. Character\02. Crownless</Filter>
    </ClCompile>
    <ClCompile Include="..\private\M_Crownless_P3.cpp">
      <Filter>src\02. GameObject\03. Character\02. Crownless</Filter>
    </ClCompile>
    <ClCompile Include="..\private\UICharacter.cpp">
      <Filter>src\02. GameObject\03. Character\00. Base</Filter>
    </ClCompile>
  </ItemGroup>
  <ItemGroup>
    <ClInclude Include="..\Public\Client_Defines.h">
      <Filter>config\header</Filter>
    </ClInclude>
    <ClInclude Include="..\Public\Client_Enum.h">
      <Filter>config\header</Filter>
    </ClInclude>
    <ClInclude Include="..\Public\Client_ModelEnum.h">
      <Filter>config\header</Filter>
    </ClInclude>
    <ClInclude Include="..\Public\Client_ObjectEnum.h">
      <Filter>config\header</Filter>
    </ClInclude>
    <ClInclude Include="..\Public\Client_ShaderEnum.h">
      <Filter>config\header</Filter>
    </ClInclude>
    <ClInclude Include="..\Public\Client_TextureEnum.h">
      <Filter>config\header</Filter>
    </ClInclude>
    <ClInclude Include="..\ImGui\imconfig.h">
      <Filter>config\ImGui</Filter>
    </ClInclude>
    <ClInclude Include="..\ImGui\imgui.h">
      <Filter>config\ImGui</Filter>
    </ClInclude>
    <ClInclude Include="..\..\..\..\..\Downloads\imgui-docking\imgui-docking\backends\imgui_impl_dx11.h">
      <Filter>config\ImGui</Filter>
    </ClInclude>
    <ClInclude Include="..\..\..\..\..\Downloads\imgui-docking\imgui-docking\backends\imgui_impl_win32.h">
      <Filter>config\ImGui</Filter>
    </ClInclude>
    <ClInclude Include="..\ImGui\imgui_internal.h">
      <Filter>config\ImGui</Filter>
    </ClInclude>
    <ClInclude Include="..\ImGui\imstb_rectpack.h">
      <Filter>config\ImGui</Filter>
    </ClInclude>
    <ClInclude Include="..\ImGui\imstb_textedit.h">
      <Filter>config\ImGui</Filter>
    </ClInclude>
    <ClInclude Include="..\ImGui\imstb_truetype.h">
      <Filter>config\ImGui</Filter>
    </ClInclude>
    <ClInclude Include="Client.h">
      <Filter>config</Filter>
    </ClInclude>
    <ClInclude Include="stdafx.h">
      <Filter>config\pch</Filter>
    </ClInclude>
    <ClInclude Include="..\Public\GUIManager.h">
      <Filter>config\ImGui\Manager</Filter>
    </ClInclude>
    <ClInclude Include="..\public\AppManager.h">
      <Filter>src\00. Application\Manager</Filter>
    </ClInclude>
    <ClInclude Include="..\public\Application.h">
      <Filter>src\00. Application</Filter>
    </ClInclude>
    <ClInclude Include="..\public\Loader.h">
      <Filter>src\01. Level\00. Loading\Loader</Filter>
    </ClInclude>
    <ClInclude Include="..\public\Level_Loading.h">
      <Filter>src\01. Level\00. Loading</Filter>
    </ClInclude>
    <ClInclude Include="..\Public\Level_Logo.h">
      <Filter>src\01. Level\01. Logo</Filter>
    </ClInclude>
    <ClInclude Include="..\Public\Level_GamePlay.h">
      <Filter>src\01. Level\02. GamePlay</Filter>
    </ClInclude>
    <ClInclude Include="..\public\Level_AnimTool.h">
      <Filter>src\01. Level\99. AnimTool</Filter>
    </ClInclude>
    <ClInclude Include="Floor.h">
      <Filter>src\02. GameObject\00. Environment</Filter>
    </ClInclude>
    <ClInclude Include="..\public\Terrain.h">
      <Filter>src\02. GameObject\00. Environment</Filter>
    </ClInclude>
    <ClInclude Include="..\public\DynamicCamera.h">
      <Filter>src\02. GameObject\01. Camera</Filter>
    </ClInclude>
    <ClInclude Include="..\public\BackGround.h">
      <Filter>src\02. GameObject\99. UI\02. LoadingImage</Filter>
    </ClInclude>
    <ClInclude Include="targetver.h">
      <Filter>config\res</Filter>
    </ClInclude>
    <ClInclude Include="Resource.h">
      <Filter>config\res</Filter>
    </ClInclude>
    <ClInclude Include="..\..\Shader\SHADER_DEFINES.hpp">
      <Filter>src\99. ShaderFiles</Filter>
    </ClInclude>
    <ClInclude Include="..\public\AnimToolManager.h">
      <Filter>src\00. Application\Manager</Filter>
    </ClInclude>
    <ClInclude Include="..\public\SoundKey.h">
      <Filter>src\05.AnimStateKeys</Filter>
    </ClInclude>
    <ClInclude Include="..\public\StateKey.h">
      <Filter>src\05.AnimStateKeys</Filter>
    </ClInclude>
    <ClInclude Include="..\public\MissileKey.h">
      <Filter>src\05.AnimStateKeys</Filter>
    </ClInclude>
    <ClInclude Include="..\public\EffectKey.h">
      <Filter>src\05.AnimStateKeys</Filter>
    </ClInclude>
    <ClInclude Include="..\public\DissolveKey.h">
      <Filter>src\05.AnimStateKeys</Filter>
    </ClInclude>
    <ClInclude Include="..\Public\Effect_Player.h">
      <Filter>src\06. Effect</Filter>
    </ClInclude>
    <ClInclude Include="..\Public\PartsKey.h">
      <Filter>src\05.AnimStateKeys</Filter>
    </ClInclude>
    <ClInclude Include="..\Public\TestChar.h">
      <Filter>src\NEW_FILES</Filter>
    </ClInclude>
    <ClInclude Include="..\Public\TestVTF.h">
      <Filter>src\NEW_FILES</Filter>
    </ClInclude>
    <ClInclude Include="..\Public\Rect_Effect_P.h">
      <Filter>src\06. Effect</Filter>
    </ClInclude>
    <ClInclude Include="..\Public\Mesh_Effect_P.h">
      <Filter>src\06. Effect</Filter>
    </ClInclude>
    <ClInclude Include="..\Public\Particle_Effect_P.h">
      <Filter>src\06. Effect</Filter>
    </ClInclude>
    <ClInclude Include="..\public\Intro.h">
      <Filter>src\02. GameObject\99. UI\01. Intro</Filter>
    </ClInclude>
    <ClInclude Include="..\public\IntroCamera.h">
      <Filter>src\02. GameObject\01. Camera</Filter>
    </ClInclude>
    <ClInclude Include="..\Public\PlayerCamera.h">
      <Filter>src\02. GameObject\01. Camera</Filter>
    </ClInclude>
    <ClInclude Include="..\Public\CameraCurve.h">
      <Filter>src\02. GameObject\01. Camera\Curve</Filter>
    </ClInclude>
    <ClInclude Include="..\Public\Sky.h">
      <Filter>src\02. GameObject\00. Environment</Filter>
    </ClInclude>
    <ClInclude Include="..\public\Lobby_Character.h">
      <Filter>src\02. GameObject\03. Character\00. Base</Filter>
    </ClInclude>
    <ClInclude Include="..\public\Character.h">
      <Filter>src\02. GameObject\03. Character\00. Base</Filter>
    </ClInclude>
    <ClInclude Include="..\public\FloatingStone.h">
      <Filter>src\02. GameObject\00. Environment</Filter>
    </ClInclude>
    <ClInclude Include="..\public\CharacterSelect_Terrain.h">
      <Filter>src\02. GameObject\00. Environment</Filter>
    </ClInclude>
    <ClInclude Include="..\public\PriorityKey.h">
      <Filter>src\05.AnimStateKeys</Filter>
    </ClInclude>
    <ClInclude Include="..\public\OBBKey.h">
      <Filter>src\05.AnimStateKeys</Filter>
    </ClInclude>
    <ClInclude Include="..\Public\Lobby_Rock.h">
      <Filter>src\02. GameObject\00. Environment</Filter>
    </ClInclude>
    <ClInclude Include="..\Public\UI_MainScreen.h">
      <Filter>src\02. GameObject\99. UI\02. IngameUI</Filter>
    </ClInclude>
    <ClInclude Include="..\Public\UI_Minimap.h">
      <Filter>src\02. GameObject\99. UI\02. IngameUI</Filter>
    </ClInclude>
    <ClInclude Include="..\Public\UI_Monster.h">
      <Filter>src\02. GameObject\99. UI\02. IngameUI</Filter>
    </ClInclude>
    <ClInclude Include="..\Public\UI_Mouse.h">
      <Filter>src\02. GameObject\99. UI\02. IngameUI</Filter>
    </ClInclude>
    <ClInclude Include="..\Public\UI_TapT.h">
      <Filter>src\02. GameObject\99. UI\02. IngameUI</Filter>
    </ClInclude>
    <ClInclude Include="..\public\AcquireSystem.h">
      <Filter>src\02. GameObject\99. UI\03. AcquireSystem</Filter>
    </ClInclude>
    <ClInclude Include="..\public\InteractionUI.h">
      <Filter>src\02. GameObject\99. UI\03. AcquireSystem</Filter>
    </ClInclude>
    <ClInclude Include="Client_Struct.h">
      <Filter>config\header</Filter>
    </ClInclude>
    <ClInclude Include="..\public\GameMode.h">
      <Filter>src\00. Application\Manager</Filter>
    </ClInclude>
    <ClInclude Include="..\public\InteractionObject.h">
      <Filter>src\02. GameObject\04. InteractionObject</Filter>
    </ClInclude>
    <ClInclude Include="..\public\Chest.h">
      <Filter>src\02. GameObject\04. InteractionObject</Filter>
    </ClInclude>
    <ClInclude Include="..\Public\Client_InstanceModelEnum.h">
      <Filter>config\header</Filter>
    </ClInclude>
    <ClInclude Include="..\Public\MapObject.h">
      <Filter>src\04. MapObject\00. Object</Filter>
    </ClInclude>
    <ClInclude Include="..\public\Item.h">
      <Filter>src\00. Application\Items</Filter>
    </ClInclude>
    <ClInclude Include="Client_StaticTextureEnum.h">
      <Filter>config\header</Filter>
    </ClInclude>
    <ClInclude Include="..\public\ItemDB.h">
      <Filter>src\00. Application\Items</Filter>
    </ClInclude>
    <ClInclude Include="..\public\AcquireUI.h">
      <Filter>src\02. GameObject\99. UI\03. AcquireSystem</Filter>
    </ClInclude>
    <ClInclude Include="..\public\P_PlayerGirl.h">
      <Filter>src\02. GameObject\03. Character\00. Player</Filter>
    </ClInclude>
    <ClInclude Include="..\public\Parts.h">
      <Filter>src\02. GameObject\03. Character\00. Player</Filter>
    </ClInclude>
    <ClInclude Include="..\public\M_GAzizi.h">
      <Filter>src\02. GameObject\03. Character\01. Enemy</Filter>
    </ClInclude>
    <ClInclude Include="..\public\Sandbag.h">
      <Filter>src\02. GameObject\03. Character\01. Enemy</Filter>
    </ClInclude>
    <ClInclude Include="..\public\TestGeneric.h">
      <Filter>src\02. GameObject\03. Character\00. Base</Filter>
    </ClInclude>
    <ClInclude Include="..\public\Inventory.h">
      <Filter>src\02. GameObject\99. UI\03. AcquireSystem</Filter>
    </ClInclude>
    <ClInclude Include="..\Public\Particle_Effect.h">
      <Filter>src\06. Effect</Filter>
    </ClInclude>
    <ClInclude Include="..\Public\Rect_Effect.h">
      <Filter>src\06. Effect</Filter>
    </ClInclude>
    <ClInclude Include="..\Public\Mesh_Effect.h">
      <Filter>src\06. Effect</Filter>
    </ClInclude>
    <ClInclude Include="..\Public\Missile.h">
      <Filter>src\02. GameObject\03. Character\00. Base\Missile</Filter>
    </ClInclude>
    <ClInclude Include="..\Public\Missile_Constant.h">
      <Filter>src\02. GameObject\03. Character\00. Base\Missile</Filter>
    </ClInclude>
    <ClInclude Include="..\Public\Missile_RotAround.h">
      <Filter>src\02. GameObject\03. Character\00. Base\Missile</Filter>
    </ClInclude>
    <ClInclude Include="..\Public\MissilePool.h">
      <Filter>src\02. GameObject\03. Character\00. Base\Missile</Filter>
    </ClInclude>
    <ClInclude Include="..\public\CameraMovement.h">
      <Filter>src\02. GameObject\01. Camera</Filter>
    </ClInclude>
    <ClInclude Include="..\public\ActionCam.h">
      <Filter>src\02. GameObject\01. Camera\ActionCam</Filter>
    </ClInclude>
    <ClInclude Include="..\Public\MissilePool.h">
      <Filter>src\02. GameObject\03. Character\00. Base\Missile</Filter>
    </ClInclude>
    <ClInclude Include="..\Public\Missile.h">
      <Filter>src\02. GameObject\03. Character\00. Base\Missile</Filter>
    </ClInclude>
    <ClInclude Include="..\Public\Missile_Constant.h">
      <Filter>src\02. GameObject\03. Character\00. Base\Missile</Filter>
    </ClInclude>
    <ClInclude Include="..\Public\Missile_RotAround.h">
      <Filter>src\02. GameObject\03. Character\00. Base\Missile</Filter>
    </ClInclude>
    <ClInclude Include="..\Public\Rect_Effect.h">
      <Filter>src\06. Effect\Tool</Filter>
    </ClInclude>
    <ClInclude Include="..\Public\Particle_Effect.h">
      <Filter>src\06. Effect\Tool</Filter>
    </ClInclude>
    <ClInclude Include="..\Public\Mesh_Effect.h">
      <Filter>src\06. Effect\Tool</Filter>
    </ClInclude>
    <ClInclude Include="..\Public\Efffect_Tool.h">
      <Filter>src\06. Effect\Tool</Filter>
    </ClInclude>
    <ClInclude Include="..\public\M_Anjin.h">
      <Filter>src\02. GameObject\03. Character\01. Enemy</Filter>
    </ClInclude>
    <ClInclude Include="..\public\M_AWukaka.h">
      <Filter>src\02. GameObject\03. Character\01. Enemy</Filter>
    </ClInclude>
    <ClInclude Include="..\Public\UI_Tip.h">
      <Filter>src\02. GameObject\99. UI\02. IngameUI</Filter>
    </ClInclude>
    <ClInclude Include="..\public\PlayerState.h">
      <Filter>src\02. GameObject\00. StaticClasses</Filter>
    </ClInclude>
    <ClInclude Include="..\public\Level_Test.h">
      <Filter>src\01. Level\99. AnimTool</Filter>
    </ClInclude>
    <ClInclude Include="..\public\SlowKey.h">
      <Filter>src\05.AnimStateKeys</Filter>
    </ClInclude>
    <ClInclude Include="..\public\TerminalUI.h">
      <Filter>src\02. GameObject\99. UI\04. Terminal</Filter>
    </ClInclude>
    <ClInclude Include="..\public\ResonatorUI.h">
      <Filter>src\02. GameObject\99. UI\04. Terminal</Filter>
    </ClInclude>
    <ClInclude Include="UIInterface.h">
      <Filter>src\NEW_FILES</Filter>
    </ClInclude>
    <ClInclude Include="..\public\M_Crownless_P1.h">
      <Filter>src\02. GameObject\03. Character\01. Enemy</Filter>
    </ClInclude>
    <ClInclude Include="..\public\M_Crownless_P3.h">
      <Filter>src\02. GameObject\03. Character\02. Crownless</Filter>
    </ClInclude>
    <ClInclude Include="..\Public\M_Crownless_P2.h">
      <Filter>src\02. GameObject\03. Character\02. Crownless</Filter>
    </ClInclude>
    <ClInclude Include="..\public\UICharacter.h">
      <Filter>src\02. GameObject\03. Character\00. Base</Filter>
    </ClInclude>
  </ItemGroup>
  <ItemGroup>
    <Image Include="Client.ico">
      <Filter>config\res</Filter>
    </Image>
    <Image Include="small.ico">
      <Filter>config\res</Filter>
    </Image>
  </ItemGroup>
  <ItemGroup>
    <Text Include="..\ImGui\LICENSE.txt">
      <Filter>config\ImGui</Filter>
    </Text>
    <Text Include="ReadMe.txt">
      <Filter>config\res</Filter>
    </Text>
  </ItemGroup>
  <ItemGroup>
    <Filter Include="config">
      <UniqueIdentifier>{650dc429-6909-4c2a-951f-a0858d783c91}</UniqueIdentifier>
    </Filter>
    <Filter Include="config\header">
      <UniqueIdentifier>{93cfca1f-b363-470c-9664-da4cef2a4c9b}</UniqueIdentifier>
    </Filter>
    <Filter Include="config\ImGui">
      <UniqueIdentifier>{5c6160dc-d352-4469-a9d7-b404f89630f5}</UniqueIdentifier>
    </Filter>
    <Filter Include="config\pch">
      <UniqueIdentifier>{5aaa9db6-51c8-4c7b-a241-bd5c22d36e58}</UniqueIdentifier>
    </Filter>
    <Filter Include="config\res">
      <UniqueIdentifier>{fcac9c33-b73c-4874-af74-80e172f07c8d}</UniqueIdentifier>
    </Filter>
    <Filter Include="config\ImGui\Manager">
      <UniqueIdentifier>{fbb16821-87a9-49cb-b5c1-d25d842444c8}</UniqueIdentifier>
    </Filter>
    <Filter Include="src">
      <UniqueIdentifier>{4a5184dd-5a79-4fdc-931a-93fb5f9c4ed3}</UniqueIdentifier>
    </Filter>
    <Filter Include="src\00. Application">
      <UniqueIdentifier>{1187ad0f-61f6-4538-8384-97bd9740e0c4}</UniqueIdentifier>
    </Filter>
    <Filter Include="src\00. Application\Manager">
      <UniqueIdentifier>{1cdc14b9-79a1-4906-8590-163fc16e0b21}</UniqueIdentifier>
    </Filter>
    <Filter Include="src\01. Level">
      <UniqueIdentifier>{fd77cf89-af56-4549-8575-4f1729bc8578}</UniqueIdentifier>
    </Filter>
    <Filter Include="src\01. Level\00. Loading">
      <UniqueIdentifier>{7a6e94bf-6515-43a7-9961-fc4536fc8407}</UniqueIdentifier>
    </Filter>
    <Filter Include="src\01. Level\00. Loading\Loader">
      <UniqueIdentifier>{f268160b-b175-40bf-a9af-f200065f21e9}</UniqueIdentifier>
    </Filter>
    <Filter Include="src\01. Level\01. Logo">
      <UniqueIdentifier>{e7a1b258-2783-4358-a16b-f5daabb9d08b}</UniqueIdentifier>
    </Filter>
    <Filter Include="src\01. Level\02. GamePlay">
      <UniqueIdentifier>{8a7361c6-3d89-490c-8eed-2a470a09055c}</UniqueIdentifier>
    </Filter>
    <Filter Include="src\01. Level\99. AnimTool">
      <UniqueIdentifier>{cd9c5def-a4a0-4054-8331-dbe56ee4a78f}</UniqueIdentifier>
    </Filter>
    <Filter Include="src\02. GameObject">
      <UniqueIdentifier>{3f04570d-a4b1-461e-82b8-b787ccabfa73}</UniqueIdentifier>
    </Filter>
    <Filter Include="src\02. GameObject\01. Camera">
      <UniqueIdentifier>{7bd6bb8e-bbda-4ff6-9d37-999f7bdb25c3}</UniqueIdentifier>
    </Filter>
    <Filter Include="src\02. GameObject\03. Character">
      <UniqueIdentifier>{9e12d510-e3fb-4470-bf45-dcac3ce8dc53}</UniqueIdentifier>
    </Filter>
    <Filter Include="src\99. ShaderFiles">
      <UniqueIdentifier>{499dbb27-f1f2-4bb8-8977-755ea69a0977}</UniqueIdentifier>
    </Filter>
    <Filter Include="src\05.AnimStateKeys">
      <UniqueIdentifier>{f161b005-e67f-4fb2-86e8-fb1a6482981a}</UniqueIdentifier>
    </Filter>
    <Filter Include="src\06. Effect">
      <UniqueIdentifier>{0a780412-6669-4fbe-bad5-44069c4f7632}</UniqueIdentifier>
    </Filter>
    <Filter Include="src\NEW_FILES">
      <UniqueIdentifier>{a5a0ec18-4f53-47c5-a349-be7c606368c2}</UniqueIdentifier>
    </Filter>
    <Filter Include="src\04. MapObject">
      <UniqueIdentifier>{cf60166b-cc5a-4458-8303-58a0a8b2e018}</UniqueIdentifier>
    </Filter>
    <Filter Include="src\02. GameObject\99. UI">
      <UniqueIdentifier>{7a685991-1531-43aa-914a-44996c7dafc3}</UniqueIdentifier>
    </Filter>
    <Filter Include="src\02. GameObject\99. UI\01. Intro">
      <UniqueIdentifier>{f5150047-d787-42e9-b4e7-947a21b015c9}</UniqueIdentifier>
    </Filter>
    <Filter Include="src\02. GameObject\01. Camera\Curve">
      <UniqueIdentifier>{56371cad-86c4-42b5-b88a-fb79ecc61b77}</UniqueIdentifier>
    </Filter>
    <Filter Include="src\02. GameObject\00. Environment">
      <UniqueIdentifier>{29d26517-95d4-47ce-a258-47894a317ff5}</UniqueIdentifier>
    </Filter>
    <Filter Include="src\00. Application\Items">
      <UniqueIdentifier>{9c618cb5-4af8-41bb-a406-6346157d71d1}</UniqueIdentifier>
    </Filter>
    <Filter Include="src\02. GameObject\99. UI\02. IngameUI">
      <UniqueIdentifier>{490f9b39-a0cb-4664-858b-e8ee394d1af7}</UniqueIdentifier>
    </Filter>
    <Filter Include="src\02. GameObject\99. UI\03. AcquireSystem">
      <UniqueIdentifier>{d3942c92-63e4-47c0-a83e-597b1ef5f8f6}</UniqueIdentifier>
    </Filter>
    <Filter Include="src\02. GameObject\04. InteractionObject">
      <UniqueIdentifier>{e03bdba0-de55-45b4-a514-5ebc5048b6a9}</UniqueIdentifier>
    </Filter>
    <Filter Include="src\04. MapObject\00. Object">
      <UniqueIdentifier>{b800cd01-54f2-4c93-b152-4b55258deb44}</UniqueIdentifier>
    </Filter>
    <Filter Include="src\02. GameObject\03. Character\01. Enemy">
      <UniqueIdentifier>{e279985c-8c8b-4e83-b2fb-a5fde2527b10}</UniqueIdentifier>
    </Filter>
    <Filter Include="src\02. GameObject\03. Character\00. Player">
      <UniqueIdentifier>{9faaf00c-db63-41ed-8709-5771834caf8b}</UniqueIdentifier>
    </Filter>
    <Filter Include="src\02. GameObject\03. Character\00. Base">
      <UniqueIdentifier>{092a34af-15fc-48d5-9a09-f5da629e60c9}</UniqueIdentifier>
    </Filter>
    <Filter Include="src\02. GameObject\03. Character\00. Base\Missile">
      <UniqueIdentifier>{4ba31802-4607-4d4b-98dc-2450b8668deb}</UniqueIdentifier>
    </Filter>
    <Filter Include="src\02. GameObject\01. Camera\ActionCam">
      <UniqueIdentifier>{0011a32c-a418-4530-923f-486dddad1d87}</UniqueIdentifier>
    </Filter>
    <Filter Include="src\06. Effect\Tool">
      <UniqueIdentifier>{9f8c510e-829c-479d-8eb9-7633e0206887}</UniqueIdentifier>
    </Filter>
    <Filter Include="src\02. GameObject\00. StaticClasses">
      <UniqueIdentifier>{25d5bc91-aab3-4f1a-9d59-2a1abee43830}</UniqueIdentifier>
    </Filter>
    <Filter Include="src\02. GameObject\99. UI\02. LoadingImage">
      <UniqueIdentifier>{975476c6-7409-4c8e-93ab-d8f8f4b64e95}</UniqueIdentifier>
    </Filter>
    <Filter Include="src\02. GameObject\99. UI\04. Terminal">
      <UniqueIdentifier>{a7d228b4-699a-47f0-9d12-4cf8a08b5c3d}</UniqueIdentifier>
    </Filter>
    <Filter Include="src\02. GameObject\03. Character\02. Crownless">
      <UniqueIdentifier>{10d46d23-d1c1-4c2f-98a4-620878fa2f7f}</UniqueIdentifier>
    </Filter>
  </ItemGroup>
  <ItemGroup>
    <ResourceCompile Include="Client.rc">
      <Filter>config\res</Filter>
    </ResourceCompile>
  </ItemGroup>
</Project>