<?xml version="1.0" encoding="utf-8"?>
<Project ToolsVersion="4.0" xmlns="http://schemas.microsoft.com/developer/msbuild/2003">
  <ItemGroup>
    <ClCompile Include="..\Private\Engine_Struct.cpp">
      <Filter>header</Filter>
    </ClCompile>
    <ClCompile Include="..\private\Graphic_Device.cpp">
      <Filter>system\00. GraphicDevice</Filter>
    </ClCompile>
    <ClCompile Include="..\private\Input_Device.cpp">
      <Filter>system\01. InputManager</Filter>
    </ClCompile>
    <ClCompile Include="..\private\Timer_Manager.cpp">
      <Filter>system\03. Timer</Filter>
    </ClCompile>
    <ClCompile Include="..\private\Timer.cpp">
      <Filter>system\03. Timer</Filter>
    </ClCompile>
    <ClCompile Include="..\private\GameInstance.cpp">
      <Filter>utility\00. GameInstance</Filter>
    </ClCompile>
    <ClCompile Include="..\private\Level.cpp">
      <Filter>utility\01. Level</Filter>
    </ClCompile>
    <ClCompile Include="..\private\Level_Manager.cpp">
      <Filter>utility\01. Level</Filter>
    </ClCompile>
    <ClCompile Include="..\Public\Fmod\Sound_Manager.cpp">
      <Filter>system\02. Sounds</Filter>
    </ClCompile>
    <ClCompile Include="..\private\Camera.cpp">
      <Filter>utility\03. Camera</Filter>
    </ClCompile>
    <ClCompile Include="..\Private\Calculator.cpp">
      <Filter>utility\04. Components\01. Component</Filter>
    </ClCompile>
    <ClCompile Include="..\private\Component.cpp">
      <Filter>utility\04. Components\01. Component</Filter>
    </ClCompile>
    <ClCompile Include="..\private\Component_Manager.cpp">
      <Filter>utility\04. Components\01. Component</Filter>
    </ClCompile>
    <ClCompile Include="..\private\Renderer.cpp">
      <Filter>utility\04. Components\02. Renderer</Filter>
    </ClCompile>
    <ClCompile Include="..\private\VIBuffer.cpp">
      <Filter>utility\04. Components\02. Renderer\VIBuffers</Filter>
    </ClCompile>
    <ClCompile Include="..\Private\VIBuffer_Cell.cpp">
      <Filter>utility\04. Components\02. Renderer\VIBuffers</Filter>
    </ClCompile>
    <ClCompile Include="..\private\VIBuffer_Cube.cpp">
      <Filter>utility\04. Components\02. Renderer\VIBuffers</Filter>
    </ClCompile>
    <ClCompile Include="..\Private\VIBuffer_Particle.cpp">
      <Filter>utility\04. Components\02. Renderer\VIBuffers</Filter>
    </ClCompile>
    <ClCompile Include="..\private\VIBuffer_Rect.cpp">
      <Filter>utility\04. Components\02. Renderer\VIBuffers</Filter>
    </ClCompile>
    <ClCompile Include="..\private\VIBuffer_Terrain.cpp">
      <Filter>utility\04. Components\02. Renderer\VIBuffers</Filter>
    </ClCompile>
    <ClCompile Include="..\private\VIBuffer_Triangle.cpp">
      <Filter>utility\04. Components\02. Renderer\VIBuffers</Filter>
    </ClCompile>
    <ClCompile Include="..\private\RenderSetting.cpp">
      <Filter>utility\04. Components\02. Renderer</Filter>
    </ClCompile>
    <ClCompile Include="..\private\Shader.cpp">
      <Filter>utility\04. Components\03. Shader</Filter>
    </ClCompile>
    <ClCompile Include="..\private\Transform.cpp">
      <Filter>utility\04. Components\04. Transform</Filter>
    </ClCompile>
    <ClCompile Include="..\private\Texture.cpp">
      <Filter>utility\04. Components\05. Texture</Filter>
    </ClCompile>
    <ClCompile Include="..\Private\Animation.cpp">
      <Filter>utility\04. Components\06. Model</Filter>
    </ClCompile>
    <ClCompile Include="..\Private\AnimController.cpp">
      <Filter>utility\04. Components\06. Model</Filter>
    </ClCompile>
    <ClCompile Include="..\Private\Bone.cpp">
      <Filter>utility\04. Components\06. Model</Filter>
    </ClCompile>
    <ClCompile Include="..\Private\Channel.cpp">
      <Filter>utility\04. Components\06. Model</Filter>
    </ClCompile>
    <ClCompile Include="..\Private\Mesh.cpp">
      <Filter>utility\04. Components\06. Model</Filter>
    </ClCompile>
    <ClCompile Include="..\Private\Mesh_Instance.cpp">
      <Filter>utility\04. Components\06. Model</Filter>
    </ClCompile>
    <ClCompile Include="..\Private\Mesh_Instance_Tree1.cpp">
      <Filter>utility\04. Components\06. Model</Filter>
    </ClCompile>
    <ClCompile Include="..\Private\Model.cpp">
      <Filter>utility\04. Components\06. Model</Filter>
    </ClCompile>
    <ClCompile Include="..\Private\Model_Anim.cpp">
      <Filter>utility\04. Components\06. Model</Filter>
    </ClCompile>
    <ClCompile Include="..\Private\Model_Instance.cpp">
      <Filter>utility\04. Components\06. Model</Filter>
    </ClCompile>
    <ClCompile Include="..\Private\Model_Instance_Tree1.cpp">
      <Filter>utility\04. Components\06. Model</Filter>
    </ClCompile>
    <ClCompile Include="..\private\Model_VTF.cpp">
      <Filter>utility\04. Components\06. Model</Filter>
    </ClCompile>
    <ClCompile Include="..\Private\Collider.cpp">
      <Filter>utility\04. Components\07. Collider</Filter>
    </ClCompile>
    <ClCompile Include="..\Private\CollisionManager.cpp">
      <Filter>utility\04. Components\07. Collider</Filter>
    </ClCompile>
    <ClCompile Include="..\Private\DebugDraw.cpp">
      <Filter>utility\04. Components\07. Collider</Filter>
    </ClCompile>
    <ClCompile Include="..\private\GameObject.cpp">
      <Filter>utility\02. GameObjects\00. GameObject</Filter>
    </ClCompile>
    <ClCompile Include="..\private\Layer.cpp">
      <Filter>utility\02. GameObjects\00. GameObject</Filter>
    </ClCompile>
    <ClCompile Include="..\private\Object_Manager.cpp">
      <Filter>utility\02. GameObjects\00. GameObject</Filter>
    </ClCompile>
    <ClCompile Include="..\Private\Effect.cpp">
      <Filter>utility\02. GameObjects\01. Effect</Filter>
    </ClCompile>
    <ClCompile Include="..\private\PipeLine.cpp">
      <Filter>utility\05. Pipeline</Filter>
    </ClCompile>
    <ClCompile Include="..\private\FontManager.cpp">
      <Filter>utility\06. Font</Filter>
    </ClCompile>
    <ClCompile Include="..\private\CustomFont.cpp">
      <Filter>utility\06. Font</Filter>
    </ClCompile>
    <ClCompile Include="..\private\Frustum.cpp">
      <Filter>utility\07. Frustum</Filter>
    </ClCompile>
    <ClCompile Include="..\private\Light.cpp">
      <Filter>utility\08. Light</Filter>
    </ClCompile>
    <ClCompile Include="..\private\LightManager.cpp">
      <Filter>utility\08. Light</Filter>
    </ClCompile>
    <ClCompile Include="..\private\RenderTarget.cpp">
      <Filter>utility\09. RenderTargets</Filter>
    </ClCompile>
    <ClCompile Include="..\private\TargetManager.cpp">
      <Filter>utility\09. RenderTargets</Filter>
    </ClCompile>
    <ClCompile Include="..\Private\OBBCollider.cpp">
      <Filter>utility\04. Components\07. Collider</Filter>
    </ClCompile>
    <ClCompile Include="..\Private\SphereCollider.cpp">
      <Filter>utility\04. Components\07. Collider</Filter>
    </ClCompile>
    <ClCompile Include="..\Private\Cell.cpp">
      <Filter>utility\04. Components\08. Navigation</Filter>
    </ClCompile>
    <ClCompile Include="..\Private\Navigation.cpp">
      <Filter>utility\04. Components\08. Navigation</Filter>
    </ClCompile>
    <ClCompile Include="..\private\Base.cpp">
      <Filter>utility\99. SuperClass</Filter>
    </ClCompile>
    <ClCompile Include="..\Private\Effect_Manager.cpp">
      <Filter>utility\02. GameObjects\01. Effect</Filter>
    </ClCompile>
    <ClCompile Include="Save_Loader.cpp">
      <Filter>system\04. SaveLoader</Filter>
    </ClCompile>
  </ItemGroup>
  <ItemGroup>
    <ClInclude Include="..\Public\Engine_Typedef.h">
      <Filter>header</Filter>
    </ClInclude>
    <ClInclude Include="..\Public\Engine_Defines.h">
      <Filter>header</Filter>
    </ClInclude>
    <ClInclude Include="..\Public\Engine_Enum.h">
      <Filter>header</Filter>
    </ClInclude>
    <ClInclude Include="..\Public\Engine_Macro.h">
      <Filter>header</Filter>
    </ClInclude>
    <ClInclude Include="..\Public\Engine_Struct.h">
      <Filter>header</Filter>
    </ClInclude>
    <ClInclude Include="..\Public\Engine_Template.h">
      <Filter>header</Filter>
    </ClInclude>
    <ClInclude Include="..\Public\Fmod\fmod.h">
      <Filter>system\02. Sounds</Filter>
    </ClInclude>
    <ClInclude Include="..\Public\Fmod\fmod.hpp">
      <Filter>system\02. Sounds</Filter>
    </ClInclude>
    <ClInclude Include="..\Public\Fmod\fmod_codec.h">
      <Filter>system\02. Sounds</Filter>
    </ClInclude>
    <ClInclude Include="..\Public\Fmod\fmod_common.h">
      <Filter>system\02. Sounds</Filter>
    </ClInclude>
    <ClInclude Include="..\Public\Fmod\fmod_dsp.h">
      <Filter>system\02. Sounds</Filter>
    </ClInclude>
    <ClInclude Include="..\Public\Fmod\fmod_dsp_effects.h">
      <Filter>system\02. Sounds</Filter>
    </ClInclude>
    <ClInclude Include="..\Public\Fmod\fmod_errors.h">
      <Filter>system\02. Sounds</Filter>
    </ClInclude>
    <ClInclude Include="..\Public\Fmod\fmod_output.h">
      <Filter>system\02. Sounds</Filter>
    </ClInclude>
    <ClInclude Include="..\public\Graphic_Device.h">
      <Filter>system\00. GraphicDevice</Filter>
    </ClInclude>
    <ClInclude Include="..\public\Input_Device.h">
      <Filter>system\01. InputManager</Filter>
    </ClInclude>
    <ClInclude Include="..\public\Timer_Manager.h">
      <Filter>system\03. Timer</Filter>
    </ClInclude>
    <ClInclude Include="..\public\Timer.h">
      <Filter>system\03. Timer</Filter>
    </ClInclude>
    <ClInclude Include="..\public\GameInstance.h">
      <Filter>utility\00. GameInstance</Filter>
    </ClInclude>
    <ClInclude Include="..\public\Level.h">
      <Filter>utility\01. Level</Filter>
    </ClInclude>
    <ClInclude Include="..\public\Level_Manager.h">
      <Filter>utility\01. Level</Filter>
    </ClInclude>
    <ClInclude Include="..\Public\Fmod\Sound_Manager.h">
      <Filter>system\02. Sounds</Filter>
    </ClInclude>
    <ClInclude Include="..\public\Camera.h">
      <Filter>utility\03. Camera</Filter>
    </ClInclude>
    <ClInclude Include="..\Public\Calculator.h">
      <Filter>utility\04. Components\01. Component</Filter>
    </ClInclude>
    <ClInclude Include="..\public\Component.h">
      <Filter>utility\04. Components\01. Component</Filter>
    </ClInclude>
    <ClInclude Include="..\public\Component_Manager.h">
      <Filter>utility\04. Components\01. Component</Filter>
    </ClInclude>
    <ClInclude Include="..\public\Renderer.h">
      <Filter>utility\04. Components\02. Renderer</Filter>
    </ClInclude>
    <ClInclude Include="..\public\VIBuffer.h">
      <Filter>utility\04. Components\02. Renderer\VIBuffers</Filter>
    </ClInclude>
    <ClInclude Include="..\Public\VIBuffer_Cell.h">
      <Filter>utility\04. Components\02. Renderer\VIBuffers</Filter>
    </ClInclude>
    <ClInclude Include="..\public\VIBuffer_Cube.h">
      <Filter>utility\04. Components\02. Renderer\VIBuffers</Filter>
    </ClInclude>
    <ClInclude Include="..\Public\VIBuffer_Particle.h">
      <Filter>utility\04. Components\02. Renderer\VIBuffers</Filter>
    </ClInclude>
    <ClInclude Include="..\public\VIBuffer_Rect.h">
      <Filter>utility\04. Components\02. Renderer\VIBuffers</Filter>
    </ClInclude>
    <ClInclude Include="..\public\VIBuffer_Terrain.h">
      <Filter>utility\04. Components\02. Renderer\VIBuffers</Filter>
    </ClInclude>
    <ClInclude Include="..\public\VIBuffer_Triangle.h">
      <Filter>utility\04. Components\02. Renderer\VIBuffers</Filter>
    </ClInclude>
    <ClInclude Include="..\public\RenderSetting.h">
      <Filter>utility\04. Components\02. Renderer</Filter>
    </ClInclude>
    <ClInclude Include="..\public\Shader.h">
      <Filter>utility\04. Components\03. Shader</Filter>
    </ClInclude>
    <ClInclude Include="..\public\Transform.h">
      <Filter>utility\04. Components\04. Transform</Filter>
    </ClInclude>
    <ClInclude Include="..\public\Texture.h">
      <Filter>utility\04. Components\05. Texture</Filter>
    </ClInclude>
    <ClInclude Include="..\Public\Animation.h">
      <Filter>utility\04. Components\06. Model</Filter>
    </ClInclude>
    <ClInclude Include="..\Public\AnimController.h">
      <Filter>utility\04. Components\06. Model</Filter>
    </ClInclude>
    <ClInclude Include="..\Public\Bone.h">
      <Filter>utility\04. Components\06. Model</Filter>
    </ClInclude>
    <ClInclude Include="..\Public\Channel.h">
      <Filter>utility\04. Components\06. Model</Filter>
    </ClInclude>
    <ClInclude Include="..\Public\Mesh.h">
      <Filter>utility\04. Components\06. Model</Filter>
    </ClInclude>
    <ClInclude Include="..\Public\Mesh_Instance.h">
      <Filter>utility\04. Components\06. Model</Filter>
    </ClInclude>
    <ClInclude Include="..\Public\Mesh_Instance_Tree1.h">
      <Filter>utility\04. Components\06. Model</Filter>
    </ClInclude>
    <ClInclude Include="..\Public\Model.h">
      <Filter>utility\04. Components\06. Model</Filter>
    </ClInclude>
    <ClInclude Include="..\Public\Model_Anim.h">
      <Filter>utility\04. Components\06. Model</Filter>
    </ClInclude>
    <ClInclude Include="..\Public\Model_Instance.h">
      <Filter>utility\04. Components\06. Model</Filter>
    </ClInclude>
    <ClInclude Include="..\Public\Model_Instance_Tree1.h">
      <Filter>utility\04. Components\06. Model</Filter>
    </ClInclude>
    <ClInclude Include="..\public\Model_VTF.h">
      <Filter>utility\04. Components\06. Model</Filter>
    </ClInclude>
    <ClInclude Include="..\Public\Collider.h">
      <Filter>utility\04. Components\07. Collider</Filter>
    </ClInclude>
    <ClInclude Include="..\Public\CollisionManager.h">
      <Filter>utility\04. Components\07. Collider</Filter>
    </ClInclude>
    <ClInclude Include="..\Public\DebugDraw.h">
      <Filter>utility\04. Components\07. Collider</Filter>
    </ClInclude>
    <ClInclude Include="..\public\GameObject.h">
      <Filter>utility\02. GameObjects\00. GameObject</Filter>
    </ClInclude>
    <ClInclude Include="..\public\Layer.h">
      <Filter>utility\02. GameObjects\00. GameObject</Filter>
    </ClInclude>
    <ClInclude Include="..\public\Object_Manager.h">
      <Filter>utility\02. GameObjects\00. GameObject</Filter>
    </ClInclude>
    <ClInclude Include="..\Public\Effect.h">
      <Filter>utility\02. GameObjects\01. Effect</Filter>
    </ClInclude>
    <ClInclude Include="..\public\PipeLine.h">
      <Filter>utility\05. Pipeline</Filter>
    </ClInclude>
    <ClInclude Include="..\public\FontManager.h">
      <Filter>utility\06. Font</Filter>
    </ClInclude>
    <ClInclude Include="..\public\CustomFont.h">
      <Filter>utility\06. Font</Filter>
    </ClInclude>
    <ClInclude Include="..\public\Frustum.h">
      <Filter>utility\07. Frustum</Filter>
    </ClInclude>
    <ClInclude Include="..\public\Light.h">
      <Filter>utility\08. Light</Filter>
    </ClInclude>
    <ClInclude Include="..\public\LightManager.h">
      <Filter>utility\08. Light</Filter>
    </ClInclude>
    <ClInclude Include="..\public\RenderTarget.h">
      <Filter>utility\09. RenderTargets</Filter>
    </ClInclude>
    <ClInclude Include="..\public\TargetManager.h">
      <Filter>utility\09. RenderTargets</Filter>
    </ClInclude>
    <ClInclude Include="..\Public\OBBCollider.h">
      <Filter>utility\04. Components\07. Collider</Filter>
    </ClInclude>
    <ClInclude Include="..\Public\SphereCollider.h">
      <Filter>utility\04. Components\07. Collider</Filter>
    </ClInclude>
    <ClInclude Include="..\Public\Navigation.h">
      <Filter>utility\04. Components\08. Navigation</Filter>
    </ClInclude>
    <ClInclude Include="..\Public\Cell.h">
      <Filter>utility\04. Components\08. Navigation</Filter>
    </ClInclude>
    <ClInclude Include="..\public\Base.h">
      <Filter>utility\99. SuperClass</Filter>
    </ClInclude>
    <ClInclude Include="..\Public\Effect_Manager.h">
      <Filter>utility\02. GameObjects\01. Effect</Filter>
    </ClInclude>
    <ClInclude Include="..\Public\Save_Loader.h">
      <Filter>system\04. SaveLoader</Filter>
    </ClInclude>
  </ItemGroup>
  <ItemGroup>
    <Filter Include="system">
      <UniqueIdentifier>{1a78ebc9-93f8-4e7b-b2bf-b997375d072d}</UniqueIdentifier>
    </Filter>
    <Filter Include="utility">
      <UniqueIdentifier>{73d6b7b3-bbea-4541-ac50-2fe9472d6609}</UniqueIdentifier>
    </Filter>
    <Filter Include="utility\00. GameInstance">
      <UniqueIdentifier>{de4ef013-8427-49e6-95b5-e9f24968b158}</UniqueIdentifier>
    </Filter>
    <Filter Include="utility\01. Level">
      <UniqueIdentifier>{a85b064b-fb98-48ce-9c2c-3ac9902a8b24}</UniqueIdentifier>
    </Filter>
    <Filter Include="utility\03. Camera">
      <UniqueIdentifier>{32084b33-37ae-45cd-9902-c6350d41aa84}</UniqueIdentifier>
    </Filter>
    <Filter Include="utility\04. Components">
      <UniqueIdentifier>{4a31cdf5-9b61-45c7-8bb7-3897084315ba}</UniqueIdentifier>
    </Filter>
    <Filter Include="utility\04. Components\01. Component">
      <UniqueIdentifier>{33a8e8a3-5151-4b5e-bdb8-6d5f458e8233}</UniqueIdentifier>
    </Filter>
    <Filter Include="utility\04. Components\02. Renderer">
      <UniqueIdentifier>{173add3f-7455-4dfe-b0e4-16d693a15c70}</UniqueIdentifier>
    </Filter>
    <Filter Include="utility\04. Components\02. Renderer\VIBuffers">
      <UniqueIdentifier>{4d6beca6-b218-46be-8575-fa00a55526c5}</UniqueIdentifier>
    </Filter>
    <Filter Include="utility\04. Components\03. Shader">
      <UniqueIdentifier>{ca228772-18ce-4ef3-916a-597012cf1cd7}</UniqueIdentifier>
    </Filter>
    <Filter Include="utility\04. Components\04. Transform">
      <UniqueIdentifier>{36300106-4136-4170-95a7-4b2473bea59b}</UniqueIdentifier>
    </Filter>
    <Filter Include="utility\04. Components\05. Texture">
      <UniqueIdentifier>{c577eb98-4f29-4486-b247-146f78bb9091}</UniqueIdentifier>
    </Filter>
    <Filter Include="utility\04. Components\06. Model">
      <UniqueIdentifier>{fda7ec07-0091-4eaf-abec-9b9065ea95eb}</UniqueIdentifier>
    </Filter>
    <Filter Include="utility\04. Components\07. Collider">
      <UniqueIdentifier>{a07299b8-f4ec-4d5a-9253-46c6fb823402}</UniqueIdentifier>
    </Filter>
    <Filter Include="utility\02. GameObjects">
      <UniqueIdentifier>{d183d476-762e-4699-9197-b47728aee74e}</UniqueIdentifier>
    </Filter>
    <Filter Include="utility\02. GameObjects\01. Effect">
      <UniqueIdentifier>{f5830742-6376-4643-8c94-5b0427ab5914}</UniqueIdentifier>
    </Filter>
    <Filter Include="utility\02. GameObjects\00. GameObject">
      <UniqueIdentifier>{1b305b2e-206e-449c-8606-28717c8d1f24}</UniqueIdentifier>
    </Filter>
    <Filter Include="utility\05. Pipeline">
      <UniqueIdentifier>{b1766937-ece8-4652-a7aa-9b3e1e8959bd}</UniqueIdentifier>
    </Filter>
    <Filter Include="utility\06. Font">
      <UniqueIdentifier>{46f3d9e1-a4c9-4570-bb7d-d42c73b67451}</UniqueIdentifier>
    </Filter>
    <Filter Include="utility\07. Frustum">
      <UniqueIdentifier>{1a73a9d3-4441-4e95-838e-fa0a4433613e}</UniqueIdentifier>
    </Filter>
    <Filter Include="utility\08. Light">
      <UniqueIdentifier>{08ca0a5b-a19a-4ca6-9f85-1ef483635902}</UniqueIdentifier>
    </Filter>
    <Filter Include="utility\09. RenderTargets">
      <UniqueIdentifier>{7ca8268c-6a93-45c7-b515-50f607bc5736}</UniqueIdentifier>
    </Filter>
    <Filter Include="utility\04. Components\08. Navigation">
      <UniqueIdentifier>{6cba113f-26f8-482b-8e8e-b07e4d61aa57}</UniqueIdentifier>
    </Filter>
    <Filter Include="utility\99. SuperClass">
      <UniqueIdentifier>{558bf1dc-6db1-4528-9b80-936d43718124}</UniqueIdentifier>
    </Filter>
    <Filter Include="utility\NEW_FILES">
      <UniqueIdentifier>{bb32b7ed-2419-463a-bff3-22bad9bed679}</UniqueIdentifier>
    </Filter>
    <Filter Include="header">
      <UniqueIdentifier>{8fe7836b-0485-480c-bd32-80aef71ffcb1}</UniqueIdentifier>
    </Filter>
    <Filter Include="system\00. GraphicDevice">
      <UniqueIdentifier>{da4836d4-156b-45cb-b942-179aff443b3d}</UniqueIdentifier>
    </Filter>
    <Filter Include="system\01. InputManager">
      <UniqueIdentifier>{c523f78e-e811-49e3-a181-8527ff8f72fb}</UniqueIdentifier>
    </Filter>
    <Filter Include="system\02. Sounds">
      <UniqueIdentifier>{512cf01b-4782-467f-9a45-ae48565a790c}</UniqueIdentifier>
    </Filter>
    <Filter Include="system\03. Timer">
      <UniqueIdentifier>{4f678b8b-f2ec-49bd-87a2-287bb48e5da5}</UniqueIdentifier>
    </Filter>
    <Filter Include="system\NEW_FILES">
      <UniqueIdentifier>{2a664b7e-3028-4808-a258-bbaeece7223d}</UniqueIdentifier>
    </Filter>
    <Filter Include="system\04. SaveLoader">
      <UniqueIdentifier>{54bc3dfc-7264-47c5-a9ba-e1ae1fbfe433}</UniqueIdentifier>
    </Filter>
  </ItemGroup>
</Project>